
Microsoft Visual Studio Solution File, Format Version 12.00
Project("{FAE04EC0-301F-11D3-BF4B-00C04F79EFBC}") = "RecipeDNC", "RecipeDNC\RecipeDNC.csproj", "{06F768BB-0CAA-427D-8214-4EF7D9E27623}"
EndProject
Project("{FAE04EC0-301F-11D3-BF4B-00C04F79EFBC}") = "RecipeDNF", "RecipeDNF\RecipeDNF.csproj", "{AF872389-EFD1-4002-B370-27CAE317A6C1}"
EndProject
Project("{FAE04EC0-301F-11D3-BF4B-00C04F79EFBC}") = "RecipeConsole", "RecipeConsole\RecipeConsole.csproj", "{464D780D-8504-42C7-A56D-055A146A3E37}"
EndProject
Project("{FAE04EC0-301F-11D3-BF4B-00C04F79EFBC}") = "RecipeLibrary", "RecipeLibrary\RecipeLibrary.csproj", "{9C6A8DE8-2460-4369-9792-150E1807F345}"
EndProject
Project("{FAE04EC0-301F-11D3-BF4B-00C04F79EFBC}") = "RecipeNUnit", "RecipeNUnit\RecipeNUnit.csproj", "{F321E76A-3E1B-470B-ACEF-A38CC8A92A87}"
EndProject
Global
	GlobalSection(SolutionConfigurationPlatforms) = preSolution
		Debug|Any CPU = Debug|Any CPU
		Release|Any CPU = Release|Any CPU
	EndGlobalSection
	GlobalSection(ProjectConfigurationPlatforms) = postSolution
		{06F768BB-0CAA-427D-8214-4EF7D9E27623}.Debug|Any CPU.ActiveCfg = Debug|Any CPU
		{06F768BB-0CAA-427D-8214-4EF7D9E27623}.Debug|Any CPU.Build.0 = Debug|Any CPU
		{06F768BB-0CAA-427D-8214-4EF7D9E27623}.Release|Any CPU.ActiveCfg = Release|Any CPU
		{06F768BB-0CAA-427D-8214-4EF7D9E27623}.Release|Any CPU.Build.0 = Release|Any CPU
		{AF872389-EFD1-4002-B370-27CAE317A6C1}.Debug|Any CPU.ActiveCfg = Debug|Any CPU
		{AF872389-EFD1-4002-B370-27CAE317A6C1}.Debug|Any CPU.Build.0 = Debug|Any CPU
		{AF872389-EFD1-4002-B370-27CAE317A6C1}.Release|Any CPU.ActiveCfg = Release|Any CPU
		{AF872389-EFD1-4002-B370-27CAE317A6C1}.Release|Any CPU.Build.0 = Release|Any CPU
		{464D780D-8504-42C7-A56D-055A146A3E37}.Debug|Any CPU.ActiveCfg = Debug|Any CPU
		{464D780D-8504-42C7-A56D-055A146A3E37}.Debug|Any CPU.Build.0 = Debug|Any CPU
		{464D780D-8504-42C7-A56D-055A146A3E37}.Release|Any CPU.ActiveCfg = Release|Any CPU
		{464D780D-8504-42C7-A56D-055A146A3E37}.Release|Any CPU.Build.0 = Release|Any CPU
		{9C6A8DE8-2460-4369-9792-150E1807F345}.Debug|Any CPU.ActiveCfg = Debug|Any CPU
		{9C6A8DE8-2460-4369-9792-150E1807F345}.Debug|Any CPU.Build.0 = Debug|Any CPU
		{9C6A8DE8-2460-4369-9792-150E1807F345}.Release|Any CPU.ActiveCfg = Release|Any CPU
		{9C6A8DE8-2460-4369-9792-150E1807F345}.Release|Any CPU.Build.0 = Release|Any CPU
		{F321E76A-3E1B-470B-ACEF-A38CC8A92A87}.Debug|Any CPU.ActiveCfg = Debug|Any CPU
		{F321E76A-3E1B-470B-ACEF-A38CC8A92A87}.Debug|Any CPU.Build.0 = Debug|Any CPU
		{F321E76A-3E1B-470B-ACEF-A38CC8A92A87}.Release|Any CPU.ActiveCfg = Release|Any CPU
		{F321E76A-3E1B-470B-ACEF-A38CC8A92A87}.Release|Any CPU.Build.0 = Release|Any CPU
	EndGlobalSection
EndGlobal
