
Microsoft Visual Studio Solution File, Format Version 12.00
Project("{FAE04EC0-301F-11D3-BF4B-00C04F79EFBC}") = "WPF_DNC6", "WPF_DNC6\WPF_DNC6.csproj", "{A9B43356-F6E2-4E04-8AD3-440B17CF8E35}"
EndProject
Project("{FAE04EC0-301F-11D3-BF4B-00C04F79EFBC}") = "BackendLibrary", "BackendLibrary\BackendLibrary.csproj", "{058325EB-84C2-478B-AA1C-6EC7B3D35425}"
EndProject
Global
	GlobalSection(SolutionConfigurationPlatforms) = preSolution
		Debug|Any CPU = Debug|Any CPU
		Release|Any CPU = Release|Any CPU
	EndGlobalSection
	GlobalSection(ProjectConfigurationPlatforms) = postSolution
		{A9B43356-F6E2-4E04-8AD3-440B17CF8E35}.Debug|Any CPU.ActiveCfg = Debug|Any CPU
		{A9B43356-F6E2-4E04-8AD3-440B17CF8E35}.Debug|Any CPU.Build.0 = Debug|Any CPU
		{A9B43356-F6E2-4E04-8AD3-440B17CF8E35}.Release|Any CPU.ActiveCfg = Release|Any CPU
		{A9B43356-F6E2-4E04-8AD3-440B17CF8E35}.Release|Any CPU.Build.0 = Release|Any CPU
		{058325EB-84C2-478B-AA1C-6EC7B3D35425}.Debug|Any CPU.ActiveCfg = Debug|Any CPU
		{058325EB-84C2-478B-AA1C-6EC7B3D35425}.Debug|Any CPU.Build.0 = Debug|Any CPU
		{058325EB-84C2-478B-AA1C-6EC7B3D35425}.Release|Any CPU.ActiveCfg = Release|Any CPU
		{058325EB-84C2-478B-AA1C-6EC7B3D35425}.Release|Any CPU.Build.0 = Release|Any CPU
	EndGlobalSection
EndGlobal
